
Microsoft Visual Studio Solution File, Format Version 12.00
# Visual Studio Version 17
VisualStudioVersion = 17.2.32630.192
MinimumVisualStudioVersion = 10.0.40219.1
Project("{9A19103F-16F7-4668-BE54-9A1E7A4F7556}") = "DevTest", "DevTest.csproj", "{98D34D31-273F-4FD6-83BD-8A9644B6F56E}"
EndProject
Global
	GlobalSection(SolutionConfigurationPlatforms) = preSolution
		Debug|Any CPU = Debug|Any CPU
		Release|Any CPU = Release|Any CPU
	EndGlobalSection
	GlobalSection(ProjectConfigurationPlatforms) = postSolution
		{98D34D31-273F-4FD6-83BD-8A9644B6F56E}.Debug|Any CPU.ActiveCfg = Debug|Any CPU
		{98D34D31-273F-4FD6-83BD-8A9644B6F56E}.Debug|Any CPU.Build.0 = Debug|Any CPU
		{98D34D31-273F-4FD6-83BD-8A9644B6F56E}.Release|Any CPU.ActiveCfg = Release|Any CPU
		{98D34D31-273F-4FD6-83BD-8A9644B6F56E}.Release|Any CPU.Build.0 = Release|Any CPU
	EndGlobalSection
	GlobalSection(SolutionProperties) = preSolution
		HideSolutionNode = FALSE
	EndGlobalSection
	GlobalSection(ExtensibilityGlobals) = postSolution
		SolutionGuid = {632E024C-C56C-4BA6-B3CE-C48C4A74BE10}
	EndGlobalSection
EndGlobal
